
Microsoft Visual Studio Solution File, Format Version 12.00
# Visual Studio Version 17
VisualStudioVersion = 17.4.33213.308
MinimumVisualStudioVersion = 10.0.40219.1
Project("{9A19103F-16F7-4668-BE54-9A1E7A4F7556}") = "PizzaModelLibrary", "PizzaModelLibrary\PizzaModelLibrary.csproj", "{D78CD3A3-9D92-4C81-BE7C-70C12485F378}"
EndProject
Project("{FAE04EC0-301F-11D3-BF4B-00C04F79EFBC}") = "PizzzaDALLibrary", "PizzzaDALibrary\PizzzaDALLibrary.csproj", "{180F51A0-F5A0-4831-992F-3F869B5E5BCD}"
EndProject
Project("{FAE04EC0-301F-11D3-BF4B-00C04F79EFBC}") = "PizzaBLLibrary", "PizzaBLLibrary\PizzaBLLibrary.csproj", "{6DF991ED-96C3-4558-89FB-8FEDDE03F49A}"
EndProject
Project("{FAE04EC0-301F-11D3-BF4B-00C04F79EFBC}") = "PizzaFEApplication", "PizzaFEApplication\PizzaFEApplication.csproj", "{FF23CB42-E01E-403B-92B3-0744CBE95C51}"
EndProject
Global
	GlobalSection(SolutionConfigurationPlatforms) = preSolution
		Debug|Any CPU = Debug|Any CPU
		Release|Any CPU = Release|Any CPU
	EndGlobalSection
	GlobalSection(ProjectConfigurationPlatforms) = postSolution
		{D78CD3A3-9D92-4C81-BE7C-70C12485F378}.Debug|Any CPU.ActiveCfg = Debug|Any CPU
		{D78CD3A3-9D92-4C81-BE7C-70C12485F378}.Debug|Any CPU.Build.0 = Debug|Any CPU
		{D78CD3A3-9D92-4C81-BE7C-70C12485F378}.Release|Any CPU.ActiveCfg = Release|Any CPU
		{D78CD3A3-9D92-4C81-BE7C-70C12485F378}.Release|Any CPU.Build.0 = Release|Any CPU
		{180F51A0-F5A0-4831-992F-3F869B5E5BCD}.Debug|Any CPU.ActiveCfg = Debug|Any CPU
		{180F51A0-F5A0-4831-992F-3F869B5E5BCD}.Debug|Any CPU.Build.0 = Debug|Any CPU
		{180F51A0-F5A0-4831-992F-3F869B5E5BCD}.Release|Any CPU.ActiveCfg = Release|Any CPU
		{180F51A0-F5A0-4831-992F-3F869B5E5BCD}.Release|Any CPU.Build.0 = Release|Any CPU
		{6DF991ED-96C3-4558-89FB-8FEDDE03F49A}.Debug|Any CPU.ActiveCfg = Debug|Any CPU
		{6DF991ED-96C3-4558-89FB-8FEDDE03F49A}.Debug|Any CPU.Build.0 = Debug|Any CPU
		{6DF991ED-96C3-4558-89FB-8FEDDE03F49A}.Release|Any CPU.ActiveCfg = Release|Any CPU
		{6DF991ED-96C3-4558-89FB-8FEDDE03F49A}.Release|Any CPU.Build.0 = Release|Any CPU
		{FF23CB42-E01E-403B-92B3-0744CBE95C51}.Debug|Any CPU.ActiveCfg = Debug|Any CPU
		{FF23CB42-E01E-403B-92B3-0744CBE95C51}.Debug|Any CPU.Build.0 = Debug|Any CPU
		{FF23CB42-E01E-403B-92B3-0744CBE95C51}.Release|Any CPU.ActiveCfg = Release|Any CPU
		{FF23CB42-E01E-403B-92B3-0744CBE95C51}.Release|Any CPU.Build.0 = Release|Any CPU
	EndGlobalSection
	GlobalSection(SolutionProperties) = preSolution
		HideSolutionNode = FALSE
	EndGlobalSection
	GlobalSection(ExtensibilityGlobals) = postSolution
		SolutionGuid = {146B48B0-C8BD-4016-A48D-105AF5C008B2}
	EndGlobalSection
EndGlobal
